
Microsoft Visual Studio Solution File, Format Version 12.00
# Visual Studio 15
VisualStudioVersion = 15.0.28307.1321
MinimumVisualStudioVersion = 10.0.40219.1
Project("{FAE04EC0-301F-11D3-BF4B-00C04F79EFBC}") = "School", "School\School.csproj", "{57A494AC-3927-43F5-A4D4-FF2FC210C6C0}"
EndProject
Global
	GlobalSection(SolutionConfigurationPlatforms) = preSolution
		Debug|Any CPU = Debug|Any CPU
		Release|Any CPU = Release|Any CPU
	EndGlobalSection
	GlobalSection(ProjectConfigurationPlatforms) = postSolution
		{57A494AC-3927-43F5-A4D4-FF2FC210C6C0}.Debug|Any CPU.ActiveCfg = Debug|Any CPU
		{57A494AC-3927-43F5-A4D4-FF2FC210C6C0}.Debug|Any CPU.Build.0 = Debug|Any CPU
		{57A494AC-3927-43F5-A4D4-FF2FC210C6C0}.Release|Any CPU.ActiveCfg = Release|Any CPU
		{57A494AC-3927-43F5-A4D4-FF2FC210C6C0}.Release|Any CPU.Build.0 = Release|Any CPU
	EndGlobalSection
	GlobalSection(SolutionProperties) = preSolution
		HideSolutionNode = FALSE
	EndGlobalSection
	GlobalSection(ExtensibilityGlobals) = postSolution
		SolutionGuid = {015F9D0C-4738-4B86-ABA9-F4533F778C8D}
	EndGlobalSection
EndGlobal
